
Microsoft Visual Studio Solution File, Format Version 12.00
# Visual Studio 15
VisualStudioVersion = 15.0.28307.779
MinimumVisualStudioVersion = 10.0.40219.1
Project("{FAE04EC0-301F-11D3-BF4B-00C04F79EFBC}") = "ControleEstoque.Web", "ControleEstoque.Web\ControleEstoque.Web.csproj", "{994E7B88-F78E-4ED3-9F93-61DF672C3B5A}"
EndProject
Project("{FAE04EC0-301F-11D3-BF4B-00C04F79EFBC}") = "CSRF.Web", "CSRF.Web\CSRF.Web.csproj", "{20F7C995-1644-46CA-B161-023E1AF4965B}"
EndProject
Global
	GlobalSection(SolutionConfigurationPlatforms) = preSolution
		Debug|Any CPU = Debug|Any CPU
		Release|Any CPU = Release|Any CPU
	EndGlobalSection
	GlobalSection(ProjectConfigurationPlatforms) = postSolution
		{994E7B88-F78E-4ED3-9F93-61DF672C3B5A}.Debug|Any CPU.ActiveCfg = Debug|Any CPU
		{994E7B88-F78E-4ED3-9F93-61DF672C3B5A}.Debug|Any CPU.Build.0 = Debug|Any CPU
		{994E7B88-F78E-4ED3-9F93-61DF672C3B5A}.Release|Any CPU.ActiveCfg = Release|Any CPU
		{994E7B88-F78E-4ED3-9F93-61DF672C3B5A}.Release|Any CPU.Build.0 = Release|Any CPU
		{20F7C995-1644-46CA-B161-023E1AF4965B}.Debug|Any CPU.ActiveCfg = Debug|Any CPU
		{20F7C995-1644-46CA-B161-023E1AF4965B}.Debug|Any CPU.Build.0 = Debug|Any CPU
		{20F7C995-1644-46CA-B161-023E1AF4965B}.Release|Any CPU.ActiveCfg = Release|Any CPU
		{20F7C995-1644-46CA-B161-023E1AF4965B}.Release|Any CPU.Build.0 = Release|Any CPU
	EndGlobalSection
	GlobalSection(SolutionProperties) = preSolution
		HideSolutionNode = FALSE
	EndGlobalSection
	GlobalSection(ExtensibilityGlobals) = postSolution
		SolutionGuid = {5F370E99-7D93-4E4A-A6F7-8ED6A13841F7}
	EndGlobalSection
EndGlobal
